
Microsoft Visual Studio Solution File, Format Version 12.00
# Visual Studio 15
VisualStudioVersion = 15.0.28307.1267
MinimumVisualStudioVersion = 10.0.40219.1
Project("{FAE04EC0-301F-11D3-BF4B-00C04F79EFBC}") = "Braille", "Braille\Braille.csproj", "{EB070754-0B84-499D-AD68-ADFF97FEA3ED}"
EndProject
Global
	GlobalSection(SolutionConfigurationPlatforms) = preSolution
		Debug|Any CPU = Debug|Any CPU
		Release|Any CPU = Release|Any CPU
	EndGlobalSection
	GlobalSection(ProjectConfigurationPlatforms) = postSolution
		{EB070754-0B84-499D-AD68-ADFF97FEA3ED}.Debug|Any CPU.ActiveCfg = Debug|Any CPU
		{EB070754-0B84-499D-AD68-ADFF97FEA3ED}.Debug|Any CPU.Build.0 = Debug|Any CPU
		{EB070754-0B84-499D-AD68-ADFF97FEA3ED}.Release|Any CPU.ActiveCfg = Release|Any CPU
		{EB070754-0B84-499D-AD68-ADFF97FEA3ED}.Release|Any CPU.Build.0 = Release|Any CPU
	EndGlobalSection
	GlobalSection(SolutionProperties) = preSolution
		HideSolutionNode = FALSE
	EndGlobalSection
	GlobalSection(ExtensibilityGlobals) = postSolution
		SolutionGuid = {5793F77A-4773-4E93-A2F7-EB624C69DB9D}
	EndGlobalSection
EndGlobal
